# THIS IS AN AUTOGENERATED FILE. DO NOT EDIT THIS FILE DIRECTLY.
# yarn lockfile v1


commander@2.16.0:
  version "2.16.0"
  resolved "https://registry.yarnpkg.com/commander/-/commander-2.16.0.tgz#f16390593996ceb4f3eeb020b31d78528f7f8a50"
  integrity sha512-sVXqklSaotK9at437sFlFpyOcJonxe0yST/AG9DkQKUdIE6IqGIMv4SfAQSKaJbSdVEJYItASCrBiVQHq1HQew==

prettier@1.13.7:
  version "1.13.7"
  resolved "https://registry.yarnpkg.com/prettier/-/prettier-1.13.7.tgz#850f3b8af784a49a6ea2d2eaa7ed1428a34b7281"
  integrity sha512-KIU72UmYPGk4MujZGYMFwinB7lOf2LsDNGSOC8ufevsrPLISrZbNJlWstRi3m0AMuszbH+EFSQ/r6w56RSPK6w==
